
Microsoft Visual Studio Solution File, Format Version 12.00
# Visual Studio Version 17
VisualStudioVersion = 17.6.33723.286
MinimumVisualStudioVersion = 10.0.40219.1
Project("{FAE04EC0-301F-11D3-BF4B-00C04F79EFBC}") = "finalMVC", "finalMVC\finalMVC.csproj", "{EBCD94EB-06D4-492B-B85A-7A3FCCFE9005}"
EndProject
Global
	GlobalSection(SolutionConfigurationPlatforms) = preSolution
		Debug|Any CPU = Debug|Any CPU
		Release|Any CPU = Release|Any CPU
	EndGlobalSection
	GlobalSection(ProjectConfigurationPlatforms) = postSolution
		{EBCD94EB-06D4-492B-B85A-7A3FCCFE9005}.Debug|Any CPU.ActiveCfg = Debug|Any CPU
		{EBCD94EB-06D4-492B-B85A-7A3FCCFE9005}.Debug|Any CPU.Build.0 = Debug|Any CPU
		{EBCD94EB-06D4-492B-B85A-7A3FCCFE9005}.Release|Any CPU.ActiveCfg = Release|Any CPU
		{EBCD94EB-06D4-492B-B85A-7A3FCCFE9005}.Release|Any CPU.Build.0 = Release|Any CPU
	EndGlobalSection
	GlobalSection(SolutionProperties) = preSolution
		HideSolutionNode = FALSE
	EndGlobalSection
	GlobalSection(ExtensibilityGlobals) = postSolution
		SolutionGuid = {A9A7127A-AE2D-48EF-BA41-22AF7B2A2040}
	EndGlobalSection
EndGlobal
